
Microsoft Visual Studio Solution File, Format Version 12.00
# Visual Studio Version 16
VisualStudioVersion = 16.0.30717.126
MinimumVisualStudioVersion = 10.0.40219.1
Project("{FAE04EC0-301F-11D3-BF4B-00C04F79EFBC}") = "Task1", "Task1\Task1.csproj", "{F11031F6-AE92-48AB-8BBC-651079DB2D96}"
EndProject
Project("{FAE04EC0-301F-11D3-BF4B-00C04F79EFBC}") = "Task2", "Task2\Task2.csproj", "{73052A87-91A5-4757-922A-B10C0AA08D1E}"
EndProject
Project("{FAE04EC0-301F-11D3-BF4B-00C04F79EFBC}") = "Task3", "Task3\Task3.csproj", "{96070402-EBFC-43D1-A5E9-0122BE2F2EB1}"
EndProject
Global
	GlobalSection(SolutionConfigurationPlatforms) = preSolution
		Debug|Any CPU = Debug|Any CPU
		Release|Any CPU = Release|Any CPU
	EndGlobalSection
	GlobalSection(ProjectConfigurationPlatforms) = postSolution
		{F11031F6-AE92-48AB-8BBC-651079DB2D96}.Debug|Any CPU.ActiveCfg = Debug|Any CPU
		{F11031F6-AE92-48AB-8BBC-651079DB2D96}.Debug|Any CPU.Build.0 = Debug|Any CPU
		{F11031F6-AE92-48AB-8BBC-651079DB2D96}.Release|Any CPU.ActiveCfg = Release|Any CPU
		{F11031F6-AE92-48AB-8BBC-651079DB2D96}.Release|Any CPU.Build.0 = Release|Any CPU
		{73052A87-91A5-4757-922A-B10C0AA08D1E}.Debug|Any CPU.ActiveCfg = Debug|Any CPU
		{73052A87-91A5-4757-922A-B10C0AA08D1E}.Debug|Any CPU.Build.0 = Debug|Any CPU
		{73052A87-91A5-4757-922A-B10C0AA08D1E}.Release|Any CPU.ActiveCfg = Release|Any CPU
		{73052A87-91A5-4757-922A-B10C0AA08D1E}.Release|Any CPU.Build.0 = Release|Any CPU
		{96070402-EBFC-43D1-A5E9-0122BE2F2EB1}.Debug|Any CPU.ActiveCfg = Debug|Any CPU
		{96070402-EBFC-43D1-A5E9-0122BE2F2EB1}.Debug|Any CPU.Build.0 = Debug|Any CPU
		{96070402-EBFC-43D1-A5E9-0122BE2F2EB1}.Release|Any CPU.ActiveCfg = Release|Any CPU
		{96070402-EBFC-43D1-A5E9-0122BE2F2EB1}.Release|Any CPU.Build.0 = Release|Any CPU
	EndGlobalSection
	GlobalSection(SolutionProperties) = preSolution
		HideSolutionNode = FALSE
	EndGlobalSection
	GlobalSection(ExtensibilityGlobals) = postSolution
		SolutionGuid = {AF12C916-0537-40EC-AEFA-F1155FD9D3DA}
	EndGlobalSection
EndGlobal
